
Microsoft Visual Studio Solution File, Format Version 12.00
# Visual Studio 15
VisualStudioVersion = 15.0.26124.0
MinimumVisualStudioVersion = 15.0.26124.0
Project("{9A19103F-16F7-4668-BE54-9A1E7A4F7556}") = "FortniteReplayReader", "FortniteReplayReader\FortniteReplayReader.csproj", "{294F6DAA-6C93-4826-8D3F-574B840F995F}"
EndProject
Project("{9A19103F-16F7-4668-BE54-9A1E7A4F7556}") = "ConsoleReader", "ConsoleReader\ConsoleReader.csproj", "{6ED267D8-AEB8-4903-9852-BB2D7B9D69D9}"
EndProject
Project("{9A19103F-16F7-4668-BE54-9A1E7A4F7556}") = "FortniteReplayReader.Test", "FortniteReplayReader.Test\FortniteReplayReader.Test.csproj", "{84250976-8F6B-4B27-94CB-F39FC6774052}"
EndProject
Global
	GlobalSection(SolutionConfigurationPlatforms) = preSolution
		Debug|Any CPU = Debug|Any CPU
		Debug|x64 = Debug|x64
		Debug|x86 = Debug|x86
		Release|Any CPU = Release|Any CPU
		Release|x64 = Release|x64
		Release|x86 = Release|x86
	EndGlobalSection
	GlobalSection(ProjectConfigurationPlatforms) = postSolution
		{294F6DAA-6C93-4826-8D3F-574B840F995F}.Debug|Any CPU.ActiveCfg = Debug|Any CPU
		{294F6DAA-6C93-4826-8D3F-574B840F995F}.Debug|Any CPU.Build.0 = Debug|Any CPU
		{294F6DAA-6C93-4826-8D3F-574B840F995F}.Debug|x64.ActiveCfg = Debug|Any CPU
		{294F6DAA-6C93-4826-8D3F-574B840F995F}.Debug|x64.Build.0 = Debug|Any CPU
		{294F6DAA-6C93-4826-8D3F-574B840F995F}.Debug|x86.ActiveCfg = Debug|Any CPU
		{294F6DAA-6C93-4826-8D3F-574B840F995F}.Debug|x86.Build.0 = Debug|Any CPU
		{294F6DAA-6C93-4826-8D3F-574B840F995F}.Release|Any CPU.ActiveCfg = Release|Any CPU
		{294F6DAA-6C93-4826-8D3F-574B840F995F}.Release|Any CPU.Build.0 = Release|Any CPU
		{294F6DAA-6C93-4826-8D3F-574B840F995F}.Release|x64.ActiveCfg = Release|Any CPU
		{294F6DAA-6C93-4826-8D3F-574B840F995F}.Release|x64.Build.0 = Release|Any CPU
		{294F6DAA-6C93-4826-8D3F-574B840F995F}.Release|x86.ActiveCfg = Release|Any CPU
		{294F6DAA-6C93-4826-8D3F-574B840F995F}.Release|x86.Build.0 = Release|Any CPU
		{6ED267D8-AEB8-4903-9852-BB2D7B9D69D9}.Debug|Any CPU.ActiveCfg = Debug|Any CPU
		{6ED267D8-AEB8-4903-9852-BB2D7B9D69D9}.Debug|Any CPU.Build.0 = Debug|Any CPU
		{6ED267D8-AEB8-4903-9852-BB2D7B9D69D9}.Debug|x64.ActiveCfg = Debug|Any CPU
		{6ED267D8-AEB8-4903-9852-BB2D7B9D69D9}.Debug|x64.Build.0 = Debug|Any CPU
		{6ED267D8-AEB8-4903-9852-BB2D7B9D69D9}.Debug|x86.ActiveCfg = Debug|Any CPU
		{6ED267D8-AEB8-4903-9852-BB2D7B9D69D9}.Debug|x86.Build.0 = Debug|Any CPU
		{6ED267D8-AEB8-4903-9852-BB2D7B9D69D9}.Release|Any CPU.ActiveCfg = Release|Any CPU
		{6ED267D8-AEB8-4903-9852-BB2D7B9D69D9}.Release|Any CPU.Build.0 = Release|Any CPU
		{6ED267D8-AEB8-4903-9852-BB2D7B9D69D9}.Release|x64.ActiveCfg = Release|Any CPU
		{6ED267D8-AEB8-4903-9852-BB2D7B9D69D9}.Release|x64.Build.0 = Release|Any CPU
		{6ED267D8-AEB8-4903-9852-BB2D7B9D69D9}.Release|x86.ActiveCfg = Release|Any CPU
		{6ED267D8-AEB8-4903-9852-BB2D7B9D69D9}.Release|x86.Build.0 = Release|Any CPU
		{84250976-8F6B-4B27-94CB-F39FC6774052}.Debug|Any CPU.ActiveCfg = Debug|Any CPU
		{84250976-8F6B-4B27-94CB-F39FC6774052}.Debug|Any CPU.Build.0 = Debug|Any CPU
		{84250976-8F6B-4B27-94CB-F39FC6774052}.Debug|x64.ActiveCfg = Debug|Any CPU
		{84250976-8F6B-4B27-94CB-F39FC6774052}.Debug|x64.Build.0 = Debug|Any CPU
		{84250976-8F6B-4B27-94CB-F39FC6774052}.Debug|x86.ActiveCfg = Debug|Any CPU
		{84250976-8F6B-4B27-94CB-F39FC6774052}.Debug|x86.Build.0 = Debug|Any CPU
		{84250976-8F6B-4B27-94CB-F39FC6774052}.Release|Any CPU.ActiveCfg = Release|Any CPU
		{84250976-8F6B-4B27-94CB-F39FC6774052}.Release|Any CPU.Build.0 = Release|Any CPU
		{84250976-8F6B-4B27-94CB-F39FC6774052}.Release|x64.ActiveCfg = Release|Any CPU
		{84250976-8F6B-4B27-94CB-F39FC6774052}.Release|x64.Build.0 = Release|Any CPU
		{84250976-8F6B-4B27-94CB-F39FC6774052}.Release|x86.ActiveCfg = Release|Any CPU
		{84250976-8F6B-4B27-94CB-F39FC6774052}.Release|x86.Build.0 = Release|Any CPU
	EndGlobalSection
	GlobalSection(SolutionProperties) = preSolution
		HideSolutionNode = FALSE
	EndGlobalSection
	GlobalSection(NestedProjects) = preSolution
		{294F6DAA-6C93-4826-8D3F-574B840F995F} = {FE26DB91-8569-4438-BA00-1302A3E928F8}
		{6ED267D8-AEB8-4903-9852-BB2D7B9D69D9} = {FE26DB91-8569-4438-BA00-1302A3E928F8}
		{84250976-8F6B-4B27-94CB-F39FC6774052} = {FE26DB91-8569-4438-BA00-1302A3E928F8}
	EndGlobalSection
	GlobalSection(ExtensibilityGlobals) = postSolution
		SolutionGuid = {1F6FD746-7E9D-40A7-8837-4740537ACAA0}
	EndGlobalSection
EndGlobal
